{
  "name": "relayer-ws",
  "lockfileVersion": 3,
  "requires": true,
  "packages": {
    "": {
      "name": "relayer-ws",
      "dependencies": {
        "@socket.io/redis-adapter": "^8.3.0",
        "ws": "^8.18.3"
      },
      "devDependencies": {
        "@types/bun": "latest",
        "@types/ws": "^8.18.1"
      },
      "peerDependencies": {
        "typescript": "^5.0.0"
      }
    },
    "node_modules/@socket.io/redis-adapter": {
      "version": "8.3.0",
      "resolved": "https://registry.npmjs.org/@socket.io/redis-adapter/-/redis-adapter-8.3.0.tgz",
      "integrity": "sha512-ly0cra+48hDmChxmIpnESKrc94LjRL80TEmZVscuQ/WWkRP81nNj8W8cCGMqbI4L6NCuAaPRSzZF1a9GlAxxnA==",
      "license": "MIT",
      "dependencies": {
        "debug": "~4.3.1",
        "notepack.io": "~3.0.1",
        "uid2": "1.0.0"
      },
      "engines": {
        "node": ">=10.0.0"
      },
      "peerDependencies": {
        "socket.io-adapter": "^2.5.4"
      }
    },
    "node_modules/@types/bun": {
      "version": "1.2.19",
      "resolved": "https://registry.npmjs.org/@types/bun/-/bun-1.2.19.tgz",
      "integrity": "sha512-d9ZCmrH3CJ2uYKXQIUuZ/pUnTqIvLDS0SK7pFmbx8ma+ziH/FRMoAq5bYpRG7y+w1gl+HgyNZbtqgMq4W4e2Lg==",
      "dev": true,
      "license": "MIT",
      "dependencies": {
        "bun-types": "1.2.19"
      }
    },
    "node_modules/@types/node": {
      "version": "24.1.0",
      "dev": true,
      "license": "MIT",
      "dependencies": {
        "undici-types": "~7.8.0"
      }
    },
    "node_modules/@types/react": {
      "version": "19.1.9",
      "dev": true,
      "license": "MIT",
      "peer": true,
      "dependencies": {
        "csstype": "^3.0.2"
      }
    },
    "node_modules/@types/ws": {
      "version": "8.18.1",
      "dev": true,
      "license": "MIT",
      "dependencies": {
        "@types/node": "*"
      }
    },
    "node_modules/bun-types": {
      "version": "1.2.19",
      "dev": true,
      "license": "MIT",
      "dependencies": {
        "@types/node": "*"
      },
      "peerDependencies": {
        "@types/react": "^19"
      }
    },
    "node_modules/csstype": {
      "version": "3.1.3",
      "dev": true,
      "license": "MIT",
      "peer": true
    },
    "node_modules/debug": {
      "version": "4.3.7",
      "resolved": "https://registry.npmjs.org/debug/-/debug-4.3.7.tgz",
      "integrity": "sha512-Er2nc/H7RrMXZBFCEim6TCmMk02Z8vLC2Rbi1KEBggpo0fS6l0S1nnapwmIi3yW/+GOJap1Krg4w0Hg80oCqgQ==",
      "license": "MIT",
      "dependencies": {
        "ms": "^2.1.3"
      },
      "engines": {
        "node": ">=6.0"
      },
      "peerDependenciesMeta": {
        "supports-color": {
          "optional": true
        }
      }
    },
    "node_modules/ms": {
      "version": "2.1.3",
      "resolved": "https://registry.npmjs.org/ms/-/ms-2.1.3.tgz",
      "integrity": "sha512-6FlzubTLZG3J2a/NVCAleEhjzq5oxgHyaCU9yYXvcLsvoVaHJq/s5xXI6/XXP6tz7R9xAOtHnSO/tXtF3WRTlA==",
      "license": "MIT"
    },
    "node_modules/notepack.io": {
      "version": "3.0.1",
      "resolved": "https://registry.npmjs.org/notepack.io/-/notepack.io-3.0.1.tgz",
      "integrity": "sha512-TKC/8zH5pXIAMVQio2TvVDTtPRX+DJPHDqjRbxogtFiByHyzKmy96RA0JtCQJ+WouyyL4A10xomQzgbUT+1jCg==",
      "license": "MIT"
    },
    "node_modules/socket.io-adapter": {
      "version": "2.5.5",
      "resolved": "https://registry.npmjs.org/socket.io-adapter/-/socket.io-adapter-2.5.5.tgz",
      "integrity": "sha512-eLDQas5dzPgOWCk9GuuJC2lBqItuhKI4uxGgo9aIV7MYbk2h9Q6uULEh8WBzThoI7l+qU9Ast9fVUmkqPP9wYg==",
      "license": "MIT",
      "peer": true,
      "dependencies": {
        "debug": "~4.3.4",
        "ws": "~8.17.1"
      }
    },
    "node_modules/socket.io-adapter/node_modules/ws": {
      "version": "8.17.1",
      "resolved": "https://registry.npmjs.org/ws/-/ws-8.17.1.tgz",
      "integrity": "sha512-6XQFvXTkbfUOZOKKILFG1PDK2NDQs4azKQl26T0YS5CxqWLgXajbPZ+h4gZekJyRqFU8pvnbAbbs/3TgRPy+GQ==",
      "license": "MIT",
      "peer": true,
      "engines": {
        "node": ">=10.0.0"
      },
      "peerDependencies": {
        "bufferutil": "^4.0.1",
        "utf-8-validate": ">=5.0.2"
      },
      "peerDependenciesMeta": {
        "bufferutil": {
          "optional": true
        },
        "utf-8-validate": {
          "optional": true
        }
      }
    },
    "node_modules/typescript": {
      "version": "5.8.3",
      "license": "Apache-2.0",
      "peer": true,
      "bin": {
        "tsc": "bin/tsc",
        "tsserver": "bin/tsserver"
      },
      "engines": {
        "node": ">=14.17"
      }
    },
    "node_modules/uid2": {
      "version": "1.0.0",
      "resolved": "https://registry.npmjs.org/uid2/-/uid2-1.0.0.tgz",
      "integrity": "sha512-+I6aJUv63YAcY9n4mQreLUt0d4lvwkkopDNmpomkAUz0fAkEMV9pRWxN0EjhW1YfRhcuyHg2v3mwddCDW1+LFQ==",
      "license": "MIT",
      "engines": {
        "node": ">= 4.0.0"
      }
    },
    "node_modules/undici-types": {
      "version": "7.8.0",
      "dev": true,
      "license": "MIT"
    },
    "node_modules/ws": {
      "version": "8.18.3",
      "license": "MIT",
      "engines": {
        "node": ">=10.0.0"
      },
      "peerDependencies": {
        "bufferutil": "^4.0.1",
        "utf-8-validate": ">=5.0.2"
      },
      "peerDependenciesMeta": {
        "bufferutil": {
          "optional": true
        },
        "utf-8-validate": {
          "optional": true
        }
      }
    }
  }
}
